// !$*UTF8*$!
{
	archiveVersion = 1;
	classes = {
	};
	objectVersion = 50;
	objects = {

/* Begin PBXBuildFile section */
		359FDF7425A6150400244322 /* AppDelegate.swift in Sources */ = {isa = PBXBuildFile; fileRef = 359FDF7325A6150400244322 /* AppDelegate.swift */; };
		359FDF7625A6150400244322 /* SceneDelegate.swift in Sources */ = {isa = PBXBuildFile; fileRef = 359FDF7525A6150400244322 /* SceneDelegate.swift */; };
		359FDF7825A6150400244322 /* ViewController.swift in Sources */ = {isa = PBXBuildFile; fileRef = 359FDF7725A6150400244322 /* ViewController.swift */; };
		359FDF7B25A6150400244322 /* Main.storyboard in Resources */ = {isa = PBXBuildFile; fileRef = 359FDF7925A6150400244322 /* Main.storyboard */; };
		359FDF7E25A6150400244322 /* SeatGeek.xcdatamodeld in Sources */ = {isa = PBXBuildFile; fileRef = 359FDF7C25A6150400244322 /* SeatGeek.xcdatamodeld */; };
		359FDF8025A6150500244322 /* Assets.xcassets in Resources */ = {isa = PBXBuildFile; fileRef = 359FDF7F25A6150500244322 /* Assets.xcassets */; };
		359FDF8325A6150500244322 /* LaunchScreen.storyboard in Resources */ = {isa = PBXBuildFile; fileRef = 359FDF8125A6150500244322 /* LaunchScreen.storyboard */; };
		359FDF8E25A6150600244322 /* SeatGeekTests.swift in Sources */ = {isa = PBXBuildFile; fileRef = 359FDF8D25A6150600244322 /* SeatGeekTests.swift */; };
		359FDF9925A6150600244322 /* SeatGeekUITests.swift in Sources */ = {isa = PBXBuildFile; fileRef = 359FDF9825A6150600244322 /* SeatGeekUITests.swift */; };
/* End PBXBuildFile section */

/* Begin PBXContainerItemProxy section */
		359FDF8A25A6150600244322 /* PBXContainerItemProxy */ = {
			isa = PBXContainerItemProxy;
			containerPortal = 359FDF6825A6150400244322 /* Project object */;
			proxyType = 1;
			remoteGlobalIDString = 359FDF6F25A6150400244322;
			remoteInfo = SeatGeek;
		};
		359FDF9525A6150600244322 /* PBXContainerItemProxy */ = {
			isa = PBXContainerItemProxy;
			containerPortal = 359FDF6825A6150400244322 /* Project object */;
			proxyType = 1;
			remoteGlobalIDString = 359FDF6F25A6150400244322;
			remoteInfo = SeatGeek;
		};
/* End PBXContainerItemProxy section */

/* Begin PBXFileReference section */
		359FDF7025A6150400244322 /* SeatGeek.app */ = {isa = PBXFileReference; explicitFileType = wrapper.application; includeInIndex = 0; path = SeatGeek.app; sourceTree = BUILT_PRODUCTS_DIR; };
		359FDF7325A6150400244322 /* AppDelegate.swift */ = {isa = PBXFileReference; lastKnownFileType = sourcecode.swift; path = AppDelegate.swift; sourceTree = "<group>"; };
		359FDF7525A6150400244322 /* SceneDelegate.swift */ = {isa = PBXFileReference; lastKnownFileType = sourcecode.swift; path = SceneDelegate.swift; sourceTree = "<group>"; };
		359FDF7725A6150400244322 /* ViewController.swift */ = {isa = PBXFileReference; lastKnownFileType = sourcecode.swift; path = ViewController.swift; sourceTree = "<group>"; };
		359FDF7A25A6150400244322 /* Base */ = {isa = PBXFileReference; lastKnownFileType = file.storyboard; name = Base; path = Base.lproj/Main.storyboard; sourceTree = "<group>"; };
		359FDF7D25A6150400244322 /* SeatGeek.xcdatamodel */ = {isa = PBXFileReference; lastKnownFileType = wrapper.xcdatamodel; path = SeatGeek.xcdatamodel; sourceTree = "<group>"; };
		359FDF7F25A6150500244322 /* Assets.xcassets */ = {isa = PBXFileReference; lastKnownFileType = folder.assetcatalog; path = Assets.xcassets; sourceTree = "<group>"; };
		359FDF8225A6150500244322 /* Base */ = {isa = PBXFileReference; lastKnownFileType = file.storyboard; name = Base; path = Base.lproj/LaunchScreen.storyboard; sourceTree = "<group>"; };
		359FDF8425A6150500244322 /* Info.plist */ = {isa = PBXFileReference; lastKnownFileType = text.plist.xml; path = Info.plist; sourceTree = "<group>"; };
		359FDF8925A6150600244322 /* SeatGeekTests.xctest */ = {isa = PBXFileReference; explicitFileType = wrapper.cfbundle; includeInIndex = 0; path = SeatGeekTests.xctest; sourceTree = BUILT_PRODUCTS_DIR; };
		359FDF8D25A6150600244322 /* SeatGeekTests.swift */ = {isa = PBXFileReference; lastKnownFileType = sourcecode.swift; path = SeatGeekTests.swift; sourceTree = "<group>"; };
		359FDF8F25A6150600244322 /* Info.plist */ = {isa = PBXFileReference; lastKnownFileType = text.plist.xml; path = Info.plist; sourceTree = "<group>"; };
		359FDF9425A6150600244322 /* SeatGeekUITests.xctest */ = {isa = PBXFileReference; explicitFileType = wrapper.cfbundle; includeInIndex = 0; path = SeatGeekUITests.xctest; sourceTree = BUILT_PRODUCTS_DIR; };
		359FDF9825A6150600244322 /* SeatGeekUITests.swift */ = {isa = PBXFileReference; lastKnownFileType = sourcecode.swift; path = SeatGeekUITests.swift; sourceTree = "<group>"; };
		359FDF9A25A6150600244322 /* Info.plist */ = {isa = PBXFileReference; lastKnownFileType = text.plist.xml; path = Info.plist; sourceTree = "<group>"; };
/* End PBXFileReference section */

/* Begin PBXFrameworksBuildPhase section */
		359FDF6D25A6150400244322 /* Frameworks */ = {
			isa = PBXFrameworksBuildPhase;
			buildActionMask = 2147483647;
			files = (
			);
			runOnlyForDeploymentPostprocessing = 0;
		};
		359FDF8625A6150600244322 /* Frameworks */ = {
			isa = PBXFrameworksBuildPhase;
			buildActionMask = 2147483647;
			files = (
			);
			runOnlyForDeploymentPostprocessing = 0;
		};
		359FDF9125A6150600244322 /* Frameworks */ = {
			isa = PBXFrameworksBuildPhase;
			buildActionMask = 2147483647;
			files = (
			);
			runOnlyForDeploymentPostprocessing = 0;
		};
/* End PBXFrameworksBuildPhase section */

/* Begin PBXGroup section */
		359FDF6725A6150400244322 = {
			isa = PBXGroup;
			children = (
				359FDF7225A6150400244322 /* SeatGeek */,
				359FDF8C25A6150600244322 /* SeatGeekTests */,
				359FDF9725A6150600244322 /* SeatGeekUITests */,
				359FDF7125A6150400244322 /* Products */,
			);
			sourceTree = "<group>";
		};
		359FDF7125A6150400244322 /* Products */ = {
			isa = PBXGroup;
			children = (
				359FDF7025A6150400244322 /* SeatGeek.app */,
				359FDF8925A6150600244322 /* SeatGeekTests.xctest */,
				359FDF9425A6150600244322 /* SeatGeekUITests.xctest */,
			);
			name = Products;
			sourceTree = "<group>";
		};
		359FDF7225A6150400244322 /* SeatGeek */ = {
			isa = PBXGroup;
			children = (
				359FDF7325A6150400244322 /* AppDelegate.swift */,
				359FDF7525A6150400244322 /* SceneDelegate.swift */,
				359FDF7725A6150400244322 /* ViewController.swift */,
				359FDF7925A6150400244322 /* Main.storyboard */,
				359FDF7F25A6150500244322 /* Assets.xcassets */,
				359FDF8125A6150500244322 /* LaunchScreen.storyboard */,
				359FDF8425A6150500244322 /* Info.plist */,
				359FDF7C25A6150400244322 /* SeatGeek.xcdatamodeld */,
			);
			path = SeatGeek;
			sourceTree = "<group>";
		};
		359FDF8C25A6150600244322 /* SeatGeekTests */ = {
			isa = PBXGroup;
			children = (
				359FDF8D25A6150600244322 /* SeatGeekTests.swift */,
				359FDF8F25A6150600244322 /* Info.plist */,
			);
			path = SeatGeekTests;
			sourceTree = "<group>";
		};
		359FDF9725A6150600244322 /* SeatGeekUITests */ = {
			isa = PBXGroup;
			children = (
				359FDF9825A6150600244322 /* SeatGeekUITests.swift */,
				359FDF9A25A6150600244322 /* Info.plist */,
			);
			path = SeatGeekUITests;
			sourceTree = "<group>";
		};
/* End PBXGroup section */

/* Begin PBXNativeTarget section */
		359FDF6F25A6150400244322 /* SeatGeek */ = {
			isa = PBXNativeTarget;
			buildConfigurationList = 359FDF9D25A6150600244322 /* Build configuration list for PBXNativeTarget "SeatGeek" */;
			buildPhases = (
				359FDF6C25A6150400244322 /* Sources */,
				359FDF6D25A6150400244322 /* Frameworks */,
				359FDF6E25A6150400244322 /* Resources */,
			);
			buildRules = (
			);
			dependencies = (
			);
			name = SeatGeek;
			productName = SeatGeek;
			productReference = 359FDF7025A6150400244322 /* SeatGeek.app */;
			productType = "com.apple.product-type.application";
		};
		359FDF8825A6150600244322 /* SeatGeekTests */ = {
			isa = PBXNativeTarget;
			buildConfigurationList = 359FDFA025A6150600244322 /* Build configuration list for PBXNativeTarget "SeatGeekTests" */;
			buildPhases = (
				359FDF8525A6150600244322 /* Sources */,
				359FDF8625A6150600244322 /* Frameworks */,
				359FDF8725A6150600244322 /* Resources */,
			);
			buildRules = (
			);
			dependencies = (
				359FDF8B25A6150600244322 /* PBXTargetDependency */,
			);
			name = SeatGeekTests;
			productName = SeatGeekTests;
			productReference = 359FDF8925A6150600244322 /* SeatGeekTests.xctest */;
			productType = "com.apple.product-type.bundle.unit-test";
		};
		359FDF9325A6150600244322 /* SeatGeekUITests */ = {
			isa = PBXNativeTarget;
			buildConfigurationList = 359FDFA325A6150600244322 /* Build configuration list for PBXNativeTarget "SeatGeekUITests" */;
			buildPhases = (
				359FDF9025A6150600244322 /* Sources */,
				359FDF9125A6150600244322 /* Frameworks */,
				359FDF9225A6150600244322 /* Resources */,
			);
			buildRules = (
			);
			dependencies = (
				359FDF9625A6150600244322 /* PBXTargetDependency */,
			);
			name = SeatGeekUITests;
			productName = SeatGeekUITests;
			productReference = 359FDF9425A6150600244322 /* SeatGeekUITests.xctest */;
			productType = "com.apple.product-type.bundle.ui-testing";
		};
/* End PBXNativeTarget section */

/* Begin PBXProject section */
		359FDF6825A6150400244322 /* Project object */ = {
			isa = PBXProject;
			attributes = {
				LastSwiftUpdateCheck = 1230;
				LastUpgradeCheck = 1230;
				TargetAttributes = {
					359FDF6F25A6150400244322 = {
						CreatedOnToolsVersion = 12.3;
					};
					359FDF8825A6150600244322 = {
						CreatedOnToolsVersion = 12.3;
						TestTargetID = 359FDF6F25A6150400244322;
					};
					359FDF9325A6150600244322 = {
						CreatedOnToolsVersion = 12.3;
						TestTargetID = 359FDF6F25A6150400244322;
					};
				};
			};
			buildConfigurationList = 359FDF6B25A6150400244322 /* Build configuration list for PBXProject "SeatGeek" */;
			compatibilityVersion = "Xcode 9.3";
			developmentRegion = en;
			hasScannedForEncodings = 0;
			knownRegions = (
				en,
				Base,
			);
			mainGroup = 359FDF6725A6150400244322;
			productRefGroup = 359FDF7125A6150400244322 /* Products */;
			projectDirPath = "";
			projectRoot = "";
			targets = (
				359FDF6F25A6150400244322 /* SeatGeek */,
				359FDF8825A6150600244322 /* SeatGeekTests */,
				359FDF9325A6150600244322 /* SeatGeekUITests */,
			);
		};
/* End PBXProject section */

/* Begin PBXResourcesBuildPhase section */
		359FDF6E25A6150400244322 /* Resources */ = {
			isa = PBXResourcesBuildPhase;
			buildActionMask = 2147483647;
			files = (
				359FDF8325A6150500244322 /* LaunchScreen.storyboard in Resources */,
				359FDF8025A6150500244322 /* Assets.xcassets in Resources */,
				359FDF7B25A6150400244322 /* Main.storyboard in Resources */,
			);
			runOnlyForDeploymentPostprocessing = 0;
		};
		359FDF8725A6150600244322 /* Resources */ = {
			isa = PBXResourcesBuildPhase;
			buildActionMask = 2147483647;
			files = (
			);
			runOnlyForDeploymentPostprocessing = 0;
		};
		359FDF9225A6150600244322 /* Resources */ = {
			isa = PBXResourcesBuildPhase;
			buildActionMask = 2147483647;
			files = (
			);
			runOnlyForDeploymentPostprocessing = 0;
		};
/* End PBXResourcesBuildPhase section */

/* Begin PBXSourcesBuildPhase section */
		359FDF6C25A6150400244322 /* Sources */ = {
			isa = PBXSourcesBuildPhase;
			buildActionMask = 2147483647;
			files = (
				359FDF7825A6150400244322 /* ViewController.swift in Sources */,
				359FDF7425A6150400244322 /* AppDelegate.swift in Sources */,
				359FDF7E25A6150400244322 /* SeatGeek.xcdatamodeld in Sources */,
				359FDF7625A6150400244322 /* SceneDelegate.swift in Sources */,
			);
			runOnlyForDeploymentPostprocessing = 0;
		};
		359FDF8525A6150600244322 /* Sources */ = {
			isa = PBXSourcesBuildPhase;
			buildActionMask = 2147483647;
			files = (
				359FDF8E25A6150600244322 /* SeatGeekTests.swift in Sources */,
			);
			runOnlyForDeploymentPostprocessing = 0;
		};
		359FDF9025A6150600244322 /* Sources */ = {
			isa = PBXSourcesBuildPhase;
			buildActionMask = 2147483647;
			files = (
				359FDF9925A6150600244322 /* SeatGeekUITests.swift in Sources */,
			);
			runOnlyForDeploymentPostprocessing = 0;
		};
/* End PBXSourcesBuildPhase section */

/* Begin PBXTargetDependency section */
		359FDF8B25A6150600244322 /* PBXTargetDependency */ = {
			isa = PBXTargetDependency;
			target = 359FDF6F25A6150400244322 /* SeatGeek */;
			targetProxy = 359FDF8A25A6150600244322 /* PBXContainerItemProxy */;
		};
		359FDF9625A6150600244322 /* PBXTargetDependency */ = {
			isa = PBXTargetDependency;
			target = 359FDF6F25A6150400244322 /* SeatGeek */;
			targetProxy = 359FDF9525A6150600244322 /* PBXContainerItemProxy */;
		};
/* End PBXTargetDependency section */

/* Begin PBXVariantGroup section */
		359FDF7925A6150400244322 /* Main.storyboard */ = {
			isa = PBXVariantGroup;
			children = (
				359FDF7A25A6150400244322 /* Base */,
			);
			name = Main.storyboard;
			sourceTree = "<group>";
		};
		359FDF8125A6150500244322 /* LaunchScreen.storyboard */ = {
			isa = PBXVariantGroup;
			children = (
				359FDF8225A6150500244322 /* Base */,
			);
			name = LaunchScreen.storyboard;
			sourceTree = "<group>";
		};
/* End PBXVariantGroup section */

/* Begin XCBuildConfiguration section */
		359FDF9B25A6150600244322 /* Debug */ = {
			isa = XCBuildConfiguration;
			buildSettings = {
				ALWAYS_SEARCH_USER_PATHS = NO;
				CLANG_ANALYZER_NONNULL = YES;
				CLANG_ANALYZER_NUMBER_OBJECT_CONVERSION = YES_AGGRESSIVE;
				CLANG_CXX_LANGUAGE_STANDARD = "gnu++14";
				CLANG_CXX_LIBRARY = "libc++";
				CLANG_ENABLE_MODULES = YES;
				CLANG_ENABLE_OBJC_ARC = YES;
				CLANG_ENABLE_OBJC_WEAK = YES;
				CLANG_WARN_BLOCK_CAPTURE_AUTORELEASING = YES;
				CLANG_WARN_BOOL_CONVERSION = YES;
				CLANG_WARN_COMMA = YES;
				CLANG_WARN_CONSTANT_CONVERSION = YES;
				CLANG_WARN_DEPRECATED_OBJC_IMPLEMENTATIONS = YES;
				CLANG_WARN_DIRECT_OBJC_ISA_USAGE = YES_ERROR;
				CLANG_WARN_DOCUMENTATION_COMMENTS = YES;
				CLANG_WARN_EMPTY_BODY = YES;
				CLANG_WARN_ENUM_CONVERSION = YES;
				CLANG_WARN_INFINITE_RECURSION = YES;
				CLANG_WARN_INT_CONVERSION = YES;
				CLANG_WARN_NON_LITERAL_NULL_CONVERSION = YES;
				CLANG_WARN_OBJC_IMPLICIT_RETAIN_SELF = YES;
				CLANG_WARN_OBJC_LITERAL_CONVERSION = YES;
				CLANG_WARN_OBJC_ROOT_CLASS = YES_ERROR;
				CLANG_WARN_QUOTED_INCLUDE_IN_FRAMEWORK_HEADER = YES;
				CLANG_WARN_RANGE_LOOP_ANALYSIS = YES;
				CLANG_WARN_STRICT_PROTOTYPES = YES;
				CLANG_WARN_SUSPICIOUS_MOVE = YES;
				CLANG_WARN_UNGUARDED_AVAILABILITY = YES_AGGRESSIVE;
				CLANG_WARN_UNREACHABLE_CODE = YES;
				CLANG_WARN__DUPLICATE_METHOD_MATCH = YES;
				COPY_PHASE_STRIP = NO;
				DEBUG_INFORMATION_FORMAT = dwarf;
				ENABLE_STRICT_OBJC_MSGSEND = YES;
				ENABLE_TESTABILITY = YES;
				GCC_C_LANGUAGE_STANDARD = gnu11;
				GCC_DYNAMIC_NO_PIC = NO;
				GCC_NO_COMMON_BLOCKS = YES;
				GCC_OPTIMIZATION_LEVEL = 0;
				GCC_PREPROCESSOR_DEFINITIONS = (
					"DEBUG=1",
					"$(inherited)",
				);
				GCC_WARN_64_TO_32_BIT_CONVERSION = YES;
				GCC_WARN_ABOUT_RETURN_TYPE = YES_ERROR;
				GCC_WARN_UNDECLARED_SELECTOR = YES;
				GCC_WARN_UNINITIALIZED_AUTOS = YES_AGGRESSIVE;
				GCC_WARN_UNUSED_FUNCTION = YES;
				GCC_WARN_UNUSED_VARIABLE = YES;
				IPHONEOS_DEPLOYMENT_TARGET = 14.3;
				MTL_ENABLE_DEBUG_INFO = INCLUDE_SOURCE;
				MTL_FAST_MATH = YES;
				ONLY_ACTIVE_ARCH = YES;
				SDKROOT = iphoneos;
				SWIFT_ACTIVE_COMPILATION_CONDITIONS = DEBUG;
				SWIFT_OPTIMIZATION_LEVEL = "-Onone";
			};
			name = Debug;
		};
		359FDF9C25A6150600244322 /* Release */ = {
			isa = XCBuildConfiguration;
			buildSettings = {
				ALWAYS_SEARCH_USER_PATHS = NO;
				CLANG_ANALYZER_NONNULL = YES;
				CLANG_ANALYZER_NUMBER_OBJECT_CONVERSION = YES_AGGRESSIVE;
				CLANG_CXX_LANGUAGE_STANDARD = "gnu++14";
				CLANG_CXX_LIBRARY = "libc++";
				CLANG_ENABLE_MODULES = YES;
				CLANG_ENABLE_OBJC_ARC = YES;
				CLANG_ENABLE_OBJC_WEAK = YES;
				CLANG_WARN_BLOCK_CAPTURE_AUTORELEASING = YES;
				CLANG_WARN_BOOL_CONVERSION = YES;
				CLANG_WARN_COMMA = YES;
				CLANG_WARN_CONSTANT_CONVERSION = YES;
				CLANG_WARN_DEPRECATED_OBJC_IMPLEMENTATIONS = YES;
				CLANG_WARN_DIRECT_OBJC_ISA_USAGE = YES_ERROR;
				CLANG_WARN_DOCUMENTATION_COMMENTS = YES;
				CLANG_WARN_EMPTY_BODY = YES;
				CLANG_WARN_ENUM_CONVERSION = YES;
				CLANG_WARN_INFINITE_RECURSION = YES;
				CLANG_WARN_INT_CONVERSION = YES;
				CLANG_WARN_NON_LITERAL_NULL_CONVERSION = YES;
				CLANG_WARN_OBJC_IMPLICIT_RETAIN_SELF = YES;
				CLANG_WARN_OBJC_LITERAL_CONVERSION = YES;
				CLANG_WARN_OBJC_ROOT_CLASS = YES_ERROR;
				CLANG_WARN_QUOTED_INCLUDE_IN_FRAMEWORK_HEADER = YES;
				CLANG_WARN_RANGE_LOOP_ANALYSIS = YES;
				CLANG_WARN_STRICT_PROTOTYPES = YES;
				CLANG_WARN_SUSPICIOUS_MOVE = YES;
				CLANG_WARN_UNGUARDED_AVAILABILITY = YES_AGGRESSIVE;
				CLANG_WARN_UNREACHABLE_CODE = YES;
				CLANG_WARN__DUPLICATE_METHOD_MATCH = YES;
				COPY_PHASE_STRIP = NO;
				DEBUG_INFORMATION_FORMAT = "dwarf-with-dsym";
				ENABLE_NS_ASSERTIONS = NO;
				ENABLE_STRICT_OBJC_MSGSEND = YES;
				GCC_C_LANGUAGE_STANDARD = gnu11;
				GCC_NO_COMMON_BLOCKS = YES;
				GCC_WARN_64_TO_32_BIT_CONVERSION = YES;
				GCC_WARN_ABOUT_RETURN_TYPE = YES_ERROR;
				GCC_WARN_UNDECLARED_SELECTOR = YES;
				GCC_WARN_UNINITIALIZED_AUTOS = YES_AGGRESSIVE;
				GCC_WARN_UNUSED_FUNCTION = YES;
				GCC_WARN_UNUSED_VARIABLE = YES;
				IPHONEOS_DEPLOYMENT_TARGET = 14.3;
				MTL_ENABLE_DEBUG_INFO = NO;
				MTL_FAST_MATH = YES;
				SDKROOT = iphoneos;
				SWIFT_COMPILATION_MODE = wholemodule;
				SWIFT_OPTIMIZATION_LEVEL = "-O";
				VALIDATE_PRODUCT = YES;
			};
			name = Release;
		};
		359FDF9E25A6150600244322 /* Debug */ = {
			isa = XCBuildConfiguration;
			buildSettings = {
				ASSETCATALOG_COMPILER_APPICON_NAME = AppIcon;
				ASSETCATALOG_COMPILER_GLOBAL_ACCENT_COLOR_NAME = AccentColor;
				CODE_SIGN_STYLE = Automatic;
				DEVELOPMENT_TEAM = 74B95GHWXG;
				INFOPLIST_FILE = SeatGeek/Info.plist;
				LD_RUNPATH_SEARCH_PATHS = (
					"$(inherited)",
					"@executable_path/Frameworks",
				);
				PRODUCT_BUNDLE_IDENTIFIER = Technical.Assessment.com.SeatGeek;
				PRODUCT_NAME = "$(TARGET_NAME)";
				SWIFT_VERSION = 5.0;
				TARGETED_DEVICE_FAMILY = "1,2";
			};
			name = Debug;
		};
		359FDF9F25A6150600244322 /* Release */ = {
			isa = XCBuildConfiguration;
			buildSettings = {
				ASSETCATALOG_COMPILER_APPICON_NAME = AppIcon;
				ASSETCATALOG_COMPILER_GLOBAL_ACCENT_COLOR_NAME = AccentColor;
				CODE_SIGN_STYLE = Automatic;
				DEVELOPMENT_TEAM = 74B95GHWXG;
				INFOPLIST_FILE = SeatGeek/Info.plist;
				LD_RUNPATH_SEARCH_PATHS = (
					"$(inherited)",
					"@executable_path/Frameworks",
				);
				PRODUCT_BUNDLE_IDENTIFIER = Technical.Assessment.com.SeatGeek;
				PRODUCT_NAME = "$(TARGET_NAME)";
				SWIFT_VERSION = 5.0;
				TARGETED_DEVICE_FAMILY = "1,2";
			};
			name = Release;
		};
		359FDFA125A6150600244322 /* Debug */ = {
			isa = XCBuildConfiguration;
			buildSettings = {
				ALWAYS_EMBED_SWIFT_STANDARD_LIBRARIES = YES;
				BUNDLE_LOADER = "$(TEST_HOST)";
				CODE_SIGN_STYLE = Automatic;
				DEVELOPMENT_TEAM = 74B95GHWXG;
				INFOPLIST_FILE = SeatGeekTests/Info.plist;
				IPHONEOS_DEPLOYMENT_TARGET = 14.3;
				LD_RUNPATH_SEARCH_PATHS = (
					"$(inherited)",
					"@executable_path/Frameworks",
					"@loader_path/Frameworks",
				);
				PRODUCT_BUNDLE_IDENTIFIER = Technical.Assessment.com.SeatGeekTests;
				PRODUCT_NAME = "$(TARGET_NAME)";
				SWIFT_VERSION = 5.0;
				TARGETED_DEVICE_FAMILY = "1,2";
				TEST_HOST = "$(BUILT_PRODUCTS_DIR)/SeatGeek.app/SeatGeek";
			};
			name = Debug;
		};
		359FDFA225A6150600244322 /* Release */ = {
			isa = XCBuildConfiguration;
			buildSettings = {
				ALWAYS_EMBED_SWIFT_STANDARD_LIBRARIES = YES;
				BUNDLE_LOADER = "$(TEST_HOST)";
				CODE_SIGN_STYLE = Automatic;
				DEVELOPMENT_TEAM = 74B95GHWXG;
				INFOPLIST_FILE = SeatGeekTests/Info.plist;
				IPHONEOS_DEPLOYMENT_TARGET = 14.3;
				LD_RUNPATH_SEARCH_PATHS = (
					"$(inherited)",
					"@executable_path/Frameworks",
					"@loader_path/Frameworks",
				);
				PRODUCT_BUNDLE_IDENTIFIER = Technical.Assessment.com.SeatGeekTests;
				PRODUCT_NAME = "$(TARGET_NAME)";
				SWIFT_VERSION = 5.0;
				TARGETED_DEVICE_FAMILY = "1,2";
				TEST_HOST = "$(BUILT_PRODUCTS_DIR)/SeatGeek.app/SeatGeek";
			};
			name = Release;
		};
		359FDFA425A6150600244322 /* Debug */ = {
			isa = XCBuildConfiguration;
			buildSettings = {
				ALWAYS_EMBED_SWIFT_STANDARD_LIBRARIES = YES;
				CODE_SIGN_STYLE = Automatic;
				DEVELOPMENT_TEAM = 74B95GHWXG;
				INFOPLIST_FILE = SeatGeekUITests/Info.plist;
				LD_RUNPATH_SEARCH_PATHS = (
					"$(inherited)",
					"@executable_path/Frameworks",
					"@loader_path/Frameworks",
				);
				PRODUCT_BUNDLE_IDENTIFIER = Technical.Assessment.com.SeatGeekUITests;
				PRODUCT_NAME = "$(TARGET_NAME)";
				SWIFT_VERSION = 5.0;
				TARGETED_DEVICE_FAMILY = "1,2";
				TEST_TARGET_NAME = SeatGeek;
			};
			name = Debug;
		};
		359FDFA525A6150600244322 /* Release */ = {
			isa = XCBuildConfiguration;
			buildSettings = {
				ALWAYS_EMBED_SWIFT_STANDARD_LIBRARIES = YES;
				CODE_SIGN_STYLE = Automatic;
				DEVELOPMENT_TEAM = 74B95GHWXG;
				INFOPLIST_FILE = SeatGeekUITests/Info.plist;
				LD_RUNPATH_SEARCH_PATHS = (
					"$(inherited)",
					"@executable_path/Frameworks",
					"@loader_path/Frameworks",
				);
				PRODUCT_BUNDLE_IDENTIFIER = Technical.Assessment.com.SeatGeekUITests;
				PRODUCT_NAME = "$(TARGET_NAME)";
				SWIFT_VERSION = 5.0;
				TARGETED_DEVICE_FAMILY = "1,2";
				TEST_TARGET_NAME = SeatGeek;
			};
			name = Release;
		};
/* End XCBuildConfiguration section */

/* Begin XCConfigurationList section */
		359FDF6B25A6150400244322 /* Build configuration list for PBXProject "SeatGeek" */ = {
			isa = XCConfigurationList;
			buildConfigurations = (
				359FDF9B25A6150600244322 /* Debug */,
				359FDF9C25A6150600244322 /* Release */,
			);
			defaultConfigurationIsVisible = 0;
			defaultConfigurationName = Release;
		};
		359FDF9D25A6150600244322 /* Build configuration list for PBXNativeTarget "SeatGeek" */ = {
			isa = XCConfigurationList;
			buildConfigurations = (
				359FDF9E25A6150600244322 /* Debug */,
				359FDF9F25A6150600244322 /* Release */,
			);
			defaultConfigurationIsVisible = 0;
			defaultConfigurationName = Release;
		};
		359FDFA025A6150600244322 /* Build configuration list for PBXNativeTarget "SeatGeekTests" */ = {
			isa = XCConfigurationList;
			buildConfigurations = (
				359FDFA125A6150600244322 /* Debug */,
				359FDFA225A6150600244322 /* Release */,
			);
			defaultConfigurationIsVisible = 0;
			defaultConfigurationName = Release;
		};
		359FDFA325A6150600244322 /* Build configuration list for PBXNativeTarget "SeatGeekUITests" */ = {
			isa = XCConfigurationList;
			buildConfigurations = (
				359FDFA425A6150600244322 /* Debug */,
				359FDFA525A6150600244322 /* Release */,
			);
			defaultConfigurationIsVisible = 0;
			defaultConfigurationName = Release;
		};
/* End XCConfigurationList section */

/* Begin XCVersionGroup section */
		359FDF7C25A6150400244322 /* SeatGeek.xcdatamodeld */ = {
			isa = XCVersionGroup;
			children = (
				359FDF7D25A6150400244322 /* SeatGeek.xcdatamodel */,
			);
			currentVersion = 359FDF7D25A6150400244322 /* SeatGeek.xcdatamodel */;
			path = SeatGeek.xcdatamodeld;
			sourceTree = "<group>";
			versionGroupType = wrapper.xcdatamodel;
		};
/* End XCVersionGroup section */
	};
	rootObject = 359FDF6825A6150400244322 /* Project object */;
}
